
Microsoft Visual Studio Solution File, Format Version 12.00
# Visual Studio Version 16
VisualStudioVersion = 16.0.28917.182
MinimumVisualStudioVersion = 10.0.40219.1
Project("{2150E333-8FDC-42A3-9474-1A3956D46DE8}") = "TcpNetFramework", "TcpNetFramework", "{18B73EFC-CA56-4CF2-8584-4E177329512D}"
EndProject
Project("{FAE04EC0-301F-11D3-BF4B-00C04F79EFBC}") = "TcpNetFramework", "TcpNetFramework\TcpNetFramework.csproj", "{752D3056-2EE1-41AE-8188-E1BD1C381338}"
EndProject
Project("{2150E333-8FDC-42A3-9474-1A3956D46DE8}") = "SharedFiles", "SharedFiles", "{9CF76822-8F83-4B21-B23E-F31FFD829270}"
	ProjectSection(SolutionItems) = preProject
		SharedFiles\NetworkThroughputBenchmark.cs = SharedFiles\NetworkThroughputBenchmark.cs
		SharedFiles\Utils.cs = SharedFiles\Utils.cs
	EndProjectSection
EndProject
Project("{2150E333-8FDC-42A3-9474-1A3956D46DE8}") = "gRPC", "gRPC", "{D6E973E3-4ED4-4F5D-9BD3-EEAFC14760C6}"
EndProject
Project("{FAE04EC0-301F-11D3-BF4B-00C04F79EFBC}") = "GrpcNetFramework", "gRPC\GrpcNetFramework\GrpcNetFramework.csproj", "{2A02878C-F20B-4BE9-91D8-A0A4A4F1F978}"
EndProject
Project("{2150E333-8FDC-42A3-9474-1A3956D46DE8}") = "SignalR", "SignalR", "{C7403C9C-04A9-4F4C-9BB7-A5717AFFFEE4}"
EndProject
Project("{FAE04EC0-301F-11D3-BF4B-00C04F79EFBC}") = "SignalR", "SignalR\SignalR\SignalR.csproj", "{9EEB101F-A8A6-4364-ADD3-A5D4CB00262E}"
EndProject
Project("{2150E333-8FDC-42A3-9474-1A3956D46DE8}") = "Mmf", "Mmf", "{E7EA834C-4CDA-4D48-B2AA-A542229E147C}"
EndProject
Project("{FAE04EC0-301F-11D3-BF4B-00C04F79EFBC}") = "MmfIpc", "Mmf\MmfIpc\MmfIpc.csproj", "{40124F8D-9741-47C1-B653-60468078BE76}"
EndProject
Project("{2150E333-8FDC-42A3-9474-1A3956D46DE8}") = "IPC-Unix", "IPC-Unix", "{F8877F88-4430-46AC-87E1-680E5A07FFEF}"
	ProjectSection(SolutionItems) = preProject
		IPC-Unix\Dockerfile = IPC-Unix\Dockerfile
		IPC-Unix\program.c = IPC-Unix\program.c
		IPC-Unix\Readme.md = IPC-Unix\Readme.md
	EndProjectSection
EndProject
Global
	GlobalSection(SolutionConfigurationPlatforms) = preSolution
		Debug|Any CPU = Debug|Any CPU
		Release|Any CPU = Release|Any CPU
	EndGlobalSection
	GlobalSection(ProjectConfigurationPlatforms) = postSolution
		{752D3056-2EE1-41AE-8188-E1BD1C381338}.Debug|Any CPU.ActiveCfg = Debug|Any CPU
		{752D3056-2EE1-41AE-8188-E1BD1C381338}.Debug|Any CPU.Build.0 = Debug|Any CPU
		{752D3056-2EE1-41AE-8188-E1BD1C381338}.Release|Any CPU.ActiveCfg = Release|Any CPU
		{752D3056-2EE1-41AE-8188-E1BD1C381338}.Release|Any CPU.Build.0 = Release|Any CPU
		{2A02878C-F20B-4BE9-91D8-A0A4A4F1F978}.Debug|Any CPU.ActiveCfg = Debug|Any CPU
		{2A02878C-F20B-4BE9-91D8-A0A4A4F1F978}.Debug|Any CPU.Build.0 = Debug|Any CPU
		{2A02878C-F20B-4BE9-91D8-A0A4A4F1F978}.Release|Any CPU.ActiveCfg = Release|Any CPU
		{2A02878C-F20B-4BE9-91D8-A0A4A4F1F978}.Release|Any CPU.Build.0 = Release|Any CPU
		{9EEB101F-A8A6-4364-ADD3-A5D4CB00262E}.Debug|Any CPU.ActiveCfg = Debug|Any CPU
		{9EEB101F-A8A6-4364-ADD3-A5D4CB00262E}.Debug|Any CPU.Build.0 = Debug|Any CPU
		{9EEB101F-A8A6-4364-ADD3-A5D4CB00262E}.Release|Any CPU.ActiveCfg = Release|Any CPU
		{9EEB101F-A8A6-4364-ADD3-A5D4CB00262E}.Release|Any CPU.Build.0 = Release|Any CPU
		{40124F8D-9741-47C1-B653-60468078BE76}.Debug|Any CPU.ActiveCfg = Debug|Any CPU
		{40124F8D-9741-47C1-B653-60468078BE76}.Debug|Any CPU.Build.0 = Debug|Any CPU
		{40124F8D-9741-47C1-B653-60468078BE76}.Release|Any CPU.ActiveCfg = Release|Any CPU
		{40124F8D-9741-47C1-B653-60468078BE76}.Release|Any CPU.Build.0 = Release|Any CPU
	EndGlobalSection
	GlobalSection(SolutionProperties) = preSolution
		HideSolutionNode = FALSE
	EndGlobalSection
	GlobalSection(NestedProjects) = preSolution
		{752D3056-2EE1-41AE-8188-E1BD1C381338} = {18B73EFC-CA56-4CF2-8584-4E177329512D}
		{2A02878C-F20B-4BE9-91D8-A0A4A4F1F978} = {D6E973E3-4ED4-4F5D-9BD3-EEAFC14760C6}
		{9EEB101F-A8A6-4364-ADD3-A5D4CB00262E} = {C7403C9C-04A9-4F4C-9BB7-A5717AFFFEE4}
		{40124F8D-9741-47C1-B653-60468078BE76} = {E7EA834C-4CDA-4D48-B2AA-A542229E147C}
	EndGlobalSection
	GlobalSection(ExtensibilityGlobals) = postSolution
		SolutionGuid = {96540971-45AC-4D4D-A93B-D16650082107}
	EndGlobalSection
EndGlobal
